// !$*UTF8*$!
{
	archiveVersion = 1;
	classes = {
	};
	objectVersion = 48;
	objects = {

/* Begin PBXBuildFile section */
		561E701D1FD795DC00E91DFE /* AppDelegate.swift in Sources */ = {isa = PBXBuildFile; fileRef = 561E701C1FD795DC00E91DFE /* AppDelegate.swift */; };
		561E701F1FD795DC00E91DFE /* ViewController.swift in Sources */ = {isa = PBXBuildFile; fileRef = 561E701E1FD795DC00E91DFE /* ViewController.swift */; };
		561E70221FD795DC00E91DFE /* Main.storyboard in Resources */ = {isa = PBXBuildFile; fileRef = 561E70201FD795DC00E91DFE /* Main.storyboard */; };
		561E70251FD795DC00E91DFE /* CoreDataSaveMeal.xcdatamodeld in Sources */ = {isa = PBXBuildFile; fileRef = 561E70231FD795DC00E91DFE /* CoreDataSaveMeal.xcdatamodeld */; };
		561E70271FD795DC00E91DFE /* Assets.xcassets in Resources */ = {isa = PBXBuildFile; fileRef = 561E70261FD795DC00E91DFE /* Assets.xcassets */; };
		561E702A1FD795DC00E91DFE /* LaunchScreen.storyboard in Resources */ = {isa = PBXBuildFile; fileRef = 561E70281FD795DC00E91DFE /* LaunchScreen.storyboard */; };
		569B888D1FD7D7F100C165E8 /* DetailVC.swift in Sources */ = {isa = PBXBuildFile; fileRef = 569B888C1FD7D7F100C165E8 /* DetailVC.swift */; };
/* End PBXBuildFile section */

/* Begin PBXFileReference section */
		561E70191FD795DC00E91DFE /* CoreDataSaveMeal.app */ = {isa = PBXFileReference; explicitFileType = wrapper.application; includeInIndex = 0; path = CoreDataSaveMeal.app; sourceTree = BUILT_PRODUCTS_DIR; };
		561E701C1FD795DC00E91DFE /* AppDelegate.swift */ = {isa = PBXFileReference; lastKnownFileType = sourcecode.swift; path = AppDelegate.swift; sourceTree = "<group>"; };
		561E701E1FD795DC00E91DFE /* ViewController.swift */ = {isa = PBXFileReference; lastKnownFileType = sourcecode.swift; path = ViewController.swift; sourceTree = "<group>"; };
		561E70211FD795DC00E91DFE /* Base */ = {isa = PBXFileReference; lastKnownFileType = file.storyboard; name = Base; path = Base.lproj/Main.storyboard; sourceTree = "<group>"; };
		561E70241FD795DC00E91DFE /* CoreDataSaveMeal.xcdatamodel */ = {isa = PBXFileReference; lastKnownFileType = wrapper.xcdatamodel; path = CoreDataSaveMeal.xcdatamodel; sourceTree = "<group>"; };
		561E70261FD795DC00E91DFE /* Assets.xcassets */ = {isa = PBXFileReference; lastKnownFileType = folder.assetcatalog; path = Assets.xcassets; sourceTree = "<group>"; };
		561E70291FD795DC00E91DFE /* Base */ = {isa = PBXFileReference; lastKnownFileType = file.storyboard; name = Base; path = Base.lproj/LaunchScreen.storyboard; sourceTree = "<group>"; };
		561E702B1FD795DC00E91DFE /* Info.plist */ = {isa = PBXFileReference; lastKnownFileType = text.plist.xml; path = Info.plist; sourceTree = "<group>"; };
		569B888C1FD7D7F100C165E8 /* DetailVC.swift */ = {isa = PBXFileReference; lastKnownFileType = sourcecode.swift; path = DetailVC.swift; sourceTree = "<group>"; };
/* End PBXFileReference section */

/* Begin PBXFrameworksBuildPhase section */
		561E70161FD795DC00E91DFE /* Frameworks */ = {
			isa = PBXFrameworksBuildPhase;
			buildActionMask = 2147483647;
			files = (
			);
			runOnlyForDeploymentPostprocessing = 0;
		};
/* End PBXFrameworksBuildPhase section */

/* Begin PBXGroup section */
		561E70101FD795DC00E91DFE = {
			isa = PBXGroup;
			children = (
				561E701B1FD795DC00E91DFE /* CoreDataSaveMeal */,
				561E701A1FD795DC00E91DFE /* Products */,
			);
			sourceTree = "<group>";
		};
		561E701A1FD795DC00E91DFE /* Products */ = {
			isa = PBXGroup;
			children = (
				561E70191FD795DC00E91DFE /* CoreDataSaveMeal.app */,
			);
			name = Products;
			sourceTree = "<group>";
		};
		561E701B1FD795DC00E91DFE /* CoreDataSaveMeal */ = {
			isa = PBXGroup;
			children = (
				561E701C1FD795DC00E91DFE /* AppDelegate.swift */,
				561E701E1FD795DC00E91DFE /* ViewController.swift */,
				569B888C1FD7D7F100C165E8 /* DetailVC.swift */,
				561E70201FD795DC00E91DFE /* Main.storyboard */,
				561E70261FD795DC00E91DFE /* Assets.xcassets */,
				561E70281FD795DC00E91DFE /* LaunchScreen.storyboard */,
				561E702B1FD795DC00E91DFE /* Info.plist */,
				561E70231FD795DC00E91DFE /* CoreDataSaveMeal.xcdatamodeld */,
			);
			path = CoreDataSaveMeal;
			sourceTree = "<group>";
		};
/* End PBXGroup section */

/* Begin PBXNativeTarget section */
		561E70181FD795DC00E91DFE /* CoreDataSaveMeal */ = {
			isa = PBXNativeTarget;
			buildConfigurationList = 561E702E1FD795DC00E91DFE /* Build configuration list for PBXNativeTarget "CoreDataSaveMeal" */;
			buildPhases = (
				561E70151FD795DC00E91DFE /* Sources */,
				561E70161FD795DC00E91DFE /* Frameworks */,
				561E70171FD795DC00E91DFE /* Resources */,
			);
			buildRules = (
			);
			dependencies = (
			);
			name = CoreDataSaveMeal;
			productName = CoreDataSaveMeal;
			productReference = 561E70191FD795DC00E91DFE /* CoreDataSaveMeal.app */;
			productType = "com.apple.product-type.application";
		};
/* End PBXNativeTarget section */

/* Begin PBXProject section */
		561E70111FD795DC00E91DFE /* Project object */ = {
			isa = PBXProject;
			attributes = {
				LastSwiftUpdateCheck = 0900;
				LastUpgradeCheck = 0900;
				ORGANIZATIONNAME = HoangLuyen;
				TargetAttributes = {
					561E70181FD795DC00E91DFE = {
						CreatedOnToolsVersion = 9.0;
						ProvisioningStyle = Automatic;
					};
				};
			};
			buildConfigurationList = 561E70141FD795DC00E91DFE /* Build configuration list for PBXProject "CoreDataSaveMeal" */;
			compatibilityVersion = "Xcode 8.0";
			developmentRegion = en;
			hasScannedForEncodings = 0;
			knownRegions = (
				en,
				Base,
			);
			mainGroup = 561E70101FD795DC00E91DFE;
			productRefGroup = 561E701A1FD795DC00E91DFE /* Products */;
			projectDirPath = "";
			projectRoot = "";
			targets = (
				561E70181FD795DC00E91DFE /* CoreDataSaveMeal */,
			);
		};
/* End PBXProject section */

/* Begin PBXResourcesBuildPhase section */
		561E70171FD795DC00E91DFE /* Resources */ = {
			isa = PBXResourcesBuildPhase;
			buildActionMask = 2147483647;
			files = (
				561E702A1FD795DC00E91DFE /* LaunchScreen.storyboard in Resources */,
				561E70271FD795DC00E91DFE /* Assets.xcassets in Resources */,
				561E70221FD795DC00E91DFE /* Main.storyboard in Resources */,
			);
			runOnlyForDeploymentPostprocessing = 0;
		};
/* End PBXResourcesBuildPhase section */

/* Begin PBXSourcesBuildPhase section */
		561E70151FD795DC00E91DFE /* Sources */ = {
			isa = PBXSourcesBuildPhase;
			buildActionMask = 2147483647;
			files = (
				561E701F1FD795DC00E91DFE /* ViewController.swift in Sources */,
				569B888D1FD7D7F100C165E8 /* DetailVC.swift in Sources */,
				561E70251FD795DC00E91DFE /* CoreDataSaveMeal.xcdatamodeld in Sources */,
				561E701D1FD795DC00E91DFE /* AppDelegate.swift in Sources */,
			);
			runOnlyForDeploymentPostprocessing = 0;
		};
/* End PBXSourcesBuildPhase section */

/* Begin PBXVariantGroup section */
		561E70201FD795DC00E91DFE /* Main.storyboard */ = {
			isa = PBXVariantGroup;
			children = (
				561E70211FD795DC00E91DFE /* Base */,
			);
			name = Main.storyboard;
			sourceTree = "<group>";
		};
		561E70281FD795DC00E91DFE /* LaunchScreen.storyboard */ = {
			isa = PBXVariantGroup;
			children = (
				561E70291FD795DC00E91DFE /* Base */,
			);
			name = LaunchScreen.storyboard;
			sourceTree = "<group>";
		};
/* End PBXVariantGroup section */

/* Begin XCBuildConfiguration section */
		561E702C1FD795DC00E91DFE /* Debug */ = {
			isa = XCBuildConfiguration;
			buildSettings = {
				ALWAYS_SEARCH_USER_PATHS = NO;
				CLANG_ANALYZER_NONNULL = YES;
				CLANG_ANALYZER_NUMBER_OBJECT_CONVERSION = YES_AGGRESSIVE;
				CLANG_CXX_LANGUAGE_STANDARD = "gnu++14";
				CLANG_CXX_LIBRARY = "libc++";
				CLANG_ENABLE_MODULES = YES;
				CLANG_ENABLE_OBJC_ARC = YES;
				CLANG_WARN_BLOCK_CAPTURE_AUTORELEASING = YES;
				CLANG_WARN_BOOL_CONVERSION = YES;
				CLANG_WARN_COMMA = YES;
				CLANG_WARN_CONSTANT_CONVERSION = YES;
				CLANG_WARN_DIRECT_OBJC_ISA_USAGE = YES_ERROR;
				CLANG_WARN_DOCUMENTATION_COMMENTS = YES;
				CLANG_WARN_EMPTY_BODY = YES;
				CLANG_WARN_ENUM_CONVERSION = YES;
				CLANG_WARN_INFINITE_RECURSION = YES;
				CLANG_WARN_INT_CONVERSION = YES;
				CLANG_WARN_NON_LITERAL_NULL_CONVERSION = YES;
				CLANG_WARN_OBJC_LITERAL_CONVERSION = YES;
				CLANG_WARN_OBJC_ROOT_CLASS = YES_ERROR;
				CLANG_WARN_RANGE_LOOP_ANALYSIS = YES;
				CLANG_WARN_STRICT_PROTOTYPES = YES;
				CLANG_WARN_SUSPICIOUS_MOVE = YES;
				CLANG_WARN_UNGUARDED_AVAILABILITY = YES_AGGRESSIVE;
				CLANG_WARN_UNREACHABLE_CODE = YES;
				CLANG_WARN__DUPLICATE_METHOD_MATCH = YES;
				CODE_SIGN_IDENTITY = "iPhone Developer";
				COPY_PHASE_STRIP = NO;
				DEBUG_INFORMATION_FORMAT = dwarf;
				ENABLE_STRICT_OBJC_MSGSEND = YES;
				ENABLE_TESTABILITY = YES;
				GCC_C_LANGUAGE_STANDARD = gnu11;
				GCC_DYNAMIC_NO_PIC = NO;
				GCC_NO_COMMON_BLOCKS = YES;
				GCC_OPTIMIZATION_LEVEL = 0;
				GCC_PREPROCESSOR_DEFINITIONS = (
					"DEBUG=1",
					"$(inherited)",
				);
				GCC_WARN_64_TO_32_BIT_CONVERSION = YES;
				GCC_WARN_ABOUT_RETURN_TYPE = YES_ERROR;
				GCC_WARN_UNDECLARED_SELECTOR = YES;
				GCC_WARN_UNINITIALIZED_AUTOS = YES_AGGRESSIVE;
				GCC_WARN_UNUSED_FUNCTION = YES;
				GCC_WARN_UNUSED_VARIABLE = YES;
				IPHONEOS_DEPLOYMENT_TARGET = 11.0;
				MTL_ENABLE_DEBUG_INFO = YES;
				ONLY_ACTIVE_ARCH = YES;
				SDKROOT = iphoneos;
				SWIFT_ACTIVE_COMPILATION_CONDITIONS = DEBUG;
				SWIFT_OPTIMIZATION_LEVEL = "-Onone";
			};
			name = Debug;
		};
		561E702D1FD795DC00E91DFE /* Release */ = {
			isa = XCBuildConfiguration;
			buildSettings = {
				ALWAYS_SEARCH_USER_PATHS = NO;
				CLANG_ANALYZER_NONNULL = YES;
				CLANG_ANALYZER_NUMBER_OBJECT_CONVERSION = YES_AGGRESSIVE;
				CLANG_CXX_LANGUAGE_STANDARD = "gnu++14";
				CLANG_CXX_LIBRARY = "libc++";
				CLANG_ENABLE_MODULES = YES;
				CLANG_ENABLE_OBJC_ARC = YES;
				CLANG_WARN_BLOCK_CAPTURE_AUTORELEASING = YES;
				CLANG_WARN_BOOL_CONVERSION = YES;
				CLANG_WARN_COMMA = YES;
				CLANG_WARN_CONSTANT_CONVERSION = YES;
				CLANG_WARN_DIRECT_OBJC_ISA_USAGE = YES_ERROR;
				CLANG_WARN_DOCUMENTATION_COMMENTS = YES;
				CLANG_WARN_EMPTY_BODY = YES;
				CLANG_WARN_ENUM_CONVERSION = YES;
				CLANG_WARN_INFINITE_RECURSION = YES;
				CLANG_WARN_INT_CONVERSION = YES;
				CLANG_WARN_NON_LITERAL_NULL_CONVERSION = YES;
				CLANG_WARN_OBJC_LITERAL_CONVERSION = YES;
				CLANG_WARN_OBJC_ROOT_CLASS = YES_ERROR;
				CLANG_WARN_RANGE_LOOP_ANALYSIS = YES;
				CLANG_WARN_STRICT_PROTOTYPES = YES;
				CLANG_WARN_SUSPICIOUS_MOVE = YES;
				CLANG_WARN_UNGUARDED_AVAILABILITY = YES_AGGRESSIVE;
				CLANG_WARN_UNREACHABLE_CODE = YES;
				CLANG_WARN__DUPLICATE_METHOD_MATCH = YES;
				CODE_SIGN_IDENTITY = "iPhone Developer";
				COPY_PHASE_STRIP = NO;
				DEBUG_INFORMATION_FORMAT = "dwarf-with-dsym";
				ENABLE_NS_ASSERTIONS = NO;
				ENABLE_STRICT_OBJC_MSGSEND = YES;
				GCC_C_LANGUAGE_STANDARD = gnu11;
				GCC_NO_COMMON_BLOCKS = YES;
				GCC_WARN_64_TO_32_BIT_CONVERSION = YES;
				GCC_WARN_ABOUT_RETURN_TYPE = YES_ERROR;
				GCC_WARN_UNDECLARED_SELECTOR = YES;
				GCC_WARN_UNINITIALIZED_AUTOS = YES_AGGRESSIVE;
				GCC_WARN_UNUSED_FUNCTION = YES;
				GCC_WARN_UNUSED_VARIABLE = YES;
				IPHONEOS_DEPLOYMENT_TARGET = 11.0;
				MTL_ENABLE_DEBUG_INFO = NO;
				SDKROOT = iphoneos;
				SWIFT_OPTIMIZATION_LEVEL = "-Owholemodule";
				VALIDATE_PRODUCT = YES;
			};
			name = Release;
		};
		561E702F1FD795DC00E91DFE /* Debug */ = {
			isa = XCBuildConfiguration;
			buildSettings = {
				ASSETCATALOG_COMPILER_APPICON_NAME = AppIcon;
				CODE_SIGN_STYLE = Automatic;
				INFOPLIST_FILE = CoreDataSaveMeal/Info.plist;
				LD_RUNPATH_SEARCH_PATHS = "$(inherited) @executable_path/Frameworks";
				PRODUCT_BUNDLE_IDENTIFIER = vanhoangluyen.CoreDataSaveMeal;
				PRODUCT_NAME = "$(TARGET_NAME)";
				SWIFT_VERSION = 4.0;
				TARGETED_DEVICE_FAMILY = "1,2";
			};
			name = Debug;
		};
		561E70301FD795DC00E91DFE /* Release */ = {
			isa = XCBuildConfiguration;
			buildSettings = {
				ASSETCATALOG_COMPILER_APPICON_NAME = AppIcon;
				CODE_SIGN_STYLE = Automatic;
				INFOPLIST_FILE = CoreDataSaveMeal/Info.plist;
				LD_RUNPATH_SEARCH_PATHS = "$(inherited) @executable_path/Frameworks";
				PRODUCT_BUNDLE_IDENTIFIER = vanhoangluyen.CoreDataSaveMeal;
				PRODUCT_NAME = "$(TARGET_NAME)";
				SWIFT_VERSION = 4.0;
				TARGETED_DEVICE_FAMILY = "1,2";
			};
			name = Release;
		};
/* End XCBuildConfiguration section */

/* Begin XCConfigurationList section */
		561E70141FD795DC00E91DFE /* Build configuration list for PBXProject "CoreDataSaveMeal" */ = {
			isa = XCConfigurationList;
			buildConfigurations = (
				561E702C1FD795DC00E91DFE /* Debug */,
				561E702D1FD795DC00E91DFE /* Release */,
			);
			defaultConfigurationIsVisible = 0;
			defaultConfigurationName = Release;
		};
		561E702E1FD795DC00E91DFE /* Build configuration list for PBXNativeTarget "CoreDataSaveMeal" */ = {
			isa = XCConfigurationList;
			buildConfigurations = (
				561E702F1FD795DC00E91DFE /* Debug */,
				561E70301FD795DC00E91DFE /* Release */,
			);
			defaultConfigurationIsVisible = 0;
			defaultConfigurationName = Release;
		};
/* End XCConfigurationList section */

/* Begin XCVersionGroup section */
		561E70231FD795DC00E91DFE /* CoreDataSaveMeal.xcdatamodeld */ = {
			isa = XCVersionGroup;
			children = (
				561E70241FD795DC00E91DFE /* CoreDataSaveMeal.xcdatamodel */,
			);
			currentVersion = 561E70241FD795DC00E91DFE /* CoreDataSaveMeal.xcdatamodel */;
			path = CoreDataSaveMeal.xcdatamodeld;
			sourceTree = "<group>";
			versionGroupType = wrapper.xcdatamodel;
		};
/* End XCVersionGroup section */
	};
	rootObject = 561E70111FD795DC00E91DFE /* Project object */;
}
